// !$*UTF8*$!
{
	archiveVersion = 1;
	classes = {
	};
	objectVersion = 46;
	objects = {

/* Begin PBXBuildFile section */
		F886A03B14907E400017B3A6 /* EmployeeViewController.m in Sources */ = {isa = PBXBuildFile; fileRef = F886A03A14907E400017B3A6 /* EmployeeViewController.m */; };
		F88C35301493BEB8005A2FBD /* AFHTTPClient.m in Sources */ = {isa = PBXBuildFile; fileRef = F88C351B1493BEB8005A2FBD /* AFHTTPClient.m */; };
		F88C35311493BEB8005A2FBD /* AFHTTPRequestOperation.m in Sources */ = {isa = PBXBuildFile; fileRef = F88C351D1493BEB8005A2FBD /* AFHTTPRequestOperation.m */; };
		F88C35321493BEB8005A2FBD /* AFImageCache.m in Sources */ = {isa = PBXBuildFile; fileRef = F88C351F1493BEB8005A2FBD /* AFImageCache.m */; };
		F88C35331493BEB8005A2FBD /* AFImageRequestOperation.m in Sources */ = {isa = PBXBuildFile; fileRef = F88C35211493BEB8005A2FBD /* AFImageRequestOperation.m */; };
		F88C35341493BEB8005A2FBD /* AFJSONRequestOperation.m in Sources */ = {isa = PBXBuildFile; fileRef = F88C35231493BEB8005A2FBD /* AFJSONRequestOperation.m */; };
		F88C35351493BEB8005A2FBD /* AFNetworkActivityIndicatorManager.m in Sources */ = {isa = PBXBuildFile; fileRef = F88C35261493BEB8005A2FBD /* AFNetworkActivityIndicatorManager.m */; };
		F88C35361493BEB8005A2FBD /* AFPropertyListRequestOperation.m in Sources */ = {isa = PBXBuildFile; fileRef = F88C35291493BEB8005A2FBD /* AFPropertyListRequestOperation.m */; };
		F88C35371493BEB8005A2FBD /* AFURLConnectionOperation.m in Sources */ = {isa = PBXBuildFile; fileRef = F88C352B1493BEB8005A2FBD /* AFURLConnectionOperation.m */; };
		F88C35381493BEB8005A2FBD /* AFXMLRequestOperation.m in Sources */ = {isa = PBXBuildFile; fileRef = F88C352D1493BEB8005A2FBD /* AFXMLRequestOperation.m */; };
		F88C35391493BEB8005A2FBD /* UIImageView+AFNetworking.m in Sources */ = {isa = PBXBuildFile; fileRef = F88C352F1493BEB8005A2FBD /* UIImageView+AFNetworking.m */; };
		F88C35421493CE61005A2FBD /* NewEmployeeViewController.m in Sources */ = {isa = PBXBuildFile; fileRef = F88C35401493CE61005A2FBD /* NewEmployeeViewController.m */; };
		F88C35431493CE61005A2FBD /* NewEmployeeViewController.xib in Resources */ = {isa = PBXBuildFile; fileRef = F88C35411493CE61005A2FBD /* NewEmployeeViewController.xib */; };
		F88C35471493E46D005A2FBD /* CompanyDirectoryAPIClient.m in Sources */ = {isa = PBXBuildFile; fileRef = F88C35461493E46D005A2FBD /* CompanyDirectoryAPIClient.m */; };
		F88C35531493EC71005A2FBD /* ISO8601DateFormatter.m in Sources */ = {isa = PBXBuildFile; fileRef = F88C35521493EC71005A2FBD /* ISO8601DateFormatter.m */; };
		F8F7623F148D3367004F8DBB /* UIKit.framework in Frameworks */ = {isa = PBXBuildFile; fileRef = F8F7623E148D3367004F8DBB /* UIKit.framework */; };
		F8F76241148D3367004F8DBB /* Foundation.framework in Frameworks */ = {isa = PBXBuildFile; fileRef = F8F76240148D3367004F8DBB /* Foundation.framework */; };
		F8F76243148D3367004F8DBB /* CoreGraphics.framework in Frameworks */ = {isa = PBXBuildFile; fileRef = F8F76242148D3367004F8DBB /* CoreGraphics.framework */; };
		F8F76249148D3367004F8DBB /* InfoPlist.strings in Resources */ = {isa = PBXBuildFile; fileRef = F8F76247148D3367004F8DBB /* InfoPlist.strings */; };
		F8F7624B148D3367004F8DBB /* main.m in Sources */ = {isa = PBXBuildFile; fileRef = F8F7624A148D3367004F8DBB /* main.m */; };
		F8F7624F148D3367004F8DBB /* AppDelegate.m in Sources */ = {isa = PBXBuildFile; fileRef = F8F7624E148D3367004F8DBB /* AppDelegate.m */; };
		F8F7625C148D33AE004F8DBB /* EmployeeListViewController.m in Sources */ = {isa = PBXBuildFile; fileRef = F8F7625A148D33AE004F8DBB /* EmployeeListViewController.m */; };
		F8F76260148D34C6004F8DBB /* Employee.m in Sources */ = {isa = PBXBuildFile; fileRef = F8F7625F148D34C6004F8DBB /* Employee.m */; };
/* End PBXBuildFile section */

/* Begin PBXFileReference section */
		F886A03914907E400017B3A6 /* EmployeeViewController.h */ = {isa = PBXFileReference; fileEncoding = 4; lastKnownFileType = sourcecode.c.h; path = EmployeeViewController.h; sourceTree = "<group>"; };
		F886A03A14907E400017B3A6 /* EmployeeViewController.m */ = {isa = PBXFileReference; fileEncoding = 4; lastKnownFileType = sourcecode.c.objc; path = EmployeeViewController.m; sourceTree = "<group>"; };
		F88C351A1493BEB8005A2FBD /* AFHTTPClient.h */ = {isa = PBXFileReference; fileEncoding = 4; lastKnownFileType = sourcecode.c.h; path = AFHTTPClient.h; sourceTree = "<group>"; };
		F88C351B1493BEB8005A2FBD /* AFHTTPClient.m */ = {isa = PBXFileReference; fileEncoding = 4; lastKnownFileType = sourcecode.c.objc; path = AFHTTPClient.m; sourceTree = "<group>"; };
		F88C351C1493BEB8005A2FBD /* AFHTTPRequestOperation.h */ = {isa = PBXFileReference; fileEncoding = 4; lastKnownFileType = sourcecode.c.h; path = AFHTTPRequestOperation.h; sourceTree = "<group>"; };
		F88C351D1493BEB8005A2FBD /* AFHTTPRequestOperation.m */ = {isa = PBXFileReference; fileEncoding = 4; lastKnownFileType = sourcecode.c.objc; path = AFHTTPRequestOperation.m; sourceTree = "<group>"; };
		F88C351E1493BEB8005A2FBD /* AFImageCache.h */ = {isa = PBXFileReference; fileEncoding = 4; lastKnownFileType = sourcecode.c.h; path = AFImageCache.h; sourceTree = "<group>"; };
		F88C351F1493BEB8005A2FBD /* AFImageCache.m */ = {isa = PBXFileReference; fileEncoding = 4; lastKnownFileType = sourcecode.c.objc; path = AFImageCache.m; sourceTree = "<group>"; };
		F88C35201493BEB8005A2FBD /* AFImageRequestOperation.h */ = {isa = PBXFileReference; fileEncoding = 4; lastKnownFileType = sourcecode.c.h; path = AFImageRequestOperation.h; sourceTree = "<group>"; };
		F88C35211493BEB8005A2FBD /* AFImageRequestOperation.m */ = {isa = PBXFileReference; fileEncoding = 4; lastKnownFileType = sourcecode.c.objc; path = AFImageRequestOperation.m; sourceTree = "<group>"; };
		F88C35221493BEB8005A2FBD /* AFJSONRequestOperation.h */ = {isa = PBXFileReference; fileEncoding = 4; lastKnownFileType = sourcecode.c.h; path = AFJSONRequestOperation.h; sourceTree = "<group>"; };
		F88C35231493BEB8005A2FBD /* AFJSONRequestOperation.m */ = {isa = PBXFileReference; fileEncoding = 4; lastKnownFileType = sourcecode.c.objc; path = AFJSONRequestOperation.m; sourceTree = "<group>"; };
		F88C35241493BEB8005A2FBD /* AFJSONUtilities.h */ = {isa = PBXFileReference; fileEncoding = 4; lastKnownFileType = sourcecode.c.h; path = AFJSONUtilities.h; sourceTree = "<group>"; };
		F88C35251493BEB8005A2FBD /* AFNetworkActivityIndicatorManager.h */ = {isa = PBXFileReference; fileEncoding = 4; lastKnownFileType = sourcecode.c.h; path = AFNetworkActivityIndicatorManager.h; sourceTree = "<group>"; };
		F88C35261493BEB8005A2FBD /* AFNetworkActivityIndicatorManager.m */ = {isa = PBXFileReference; fileEncoding = 4; lastKnownFileType = sourcecode.c.objc; path = AFNetworkActivityIndicatorManager.m; sourceTree = "<group>"; };
		F88C35271493BEB8005A2FBD /* AFNetworking.h */ = {isa = PBXFileReference; fileEncoding = 4; lastKnownFileType = sourcecode.c.h; path = AFNetworking.h; sourceTree = "<group>"; };
		F88C35281493BEB8005A2FBD /* AFPropertyListRequestOperation.h */ = {isa = PBXFileReference; fileEncoding = 4; lastKnownFileType = sourcecode.c.h; path = AFPropertyListRequestOperation.h; sourceTree = "<group>"; };
		F88C35291493BEB8005A2FBD /* AFPropertyListRequestOperation.m */ = {isa = PBXFileReference; fileEncoding = 4; lastKnownFileType = sourcecode.c.objc; path = AFPropertyListRequestOperation.m; sourceTree = "<group>"; };
		F88C352A1493BEB8005A2FBD /* AFURLConnectionOperation.h */ = {isa = PBXFileReference; fileEncoding = 4; lastKnownFileType = sourcecode.c.h; path = AFURLConnectionOperation.h; sourceTree = "<group>"; };
		F88C352B1493BEB8005A2FBD /* AFURLConnectionOperation.m */ = {isa = PBXFileReference; fileEncoding = 4; lastKnownFileType = sourcecode.c.objc; path = AFURLConnectionOperation.m; sourceTree = "<group>"; };
		F88C352C1493BEB8005A2FBD /* AFXMLRequestOperation.h */ = {isa = PBXFileReference; fileEncoding = 4; lastKnownFileType = sourcecode.c.h; path = AFXMLRequestOperation.h; sourceTree = "<group>"; };
		F88C352D1493BEB8005A2FBD /* AFXMLRequestOperation.m */ = {isa = PBXFileReference; fileEncoding = 4; lastKnownFileType = sourcecode.c.objc; path = AFXMLRequestOperation.m; sourceTree = "<group>"; };
		F88C352E1493BEB8005A2FBD /* UIImageView+AFNetworking.h */ = {isa = PBXFileReference; fileEncoding = 4; lastKnownFileType = sourcecode.c.h; path = "UIImageView+AFNetworking.h"; sourceTree = "<group>"; };
		F88C352F1493BEB8005A2FBD /* UIImageView+AFNetworking.m */ = {isa = PBXFileReference; fileEncoding = 4; lastKnownFileType = sourcecode.c.objc; path = "UIImageView+AFNetworking.m"; sourceTree = "<group>"; };
		F88C353F1493CE61005A2FBD /* NewEmployeeViewController.h */ = {isa = PBXFileReference; fileEncoding = 4; lastKnownFileType = sourcecode.c.h; path = NewEmployeeViewController.h; sourceTree = "<group>"; };
		F88C35401493CE61005A2FBD /* NewEmployeeViewController.m */ = {isa = PBXFileReference; fileEncoding = 4; lastKnownFileType = sourcecode.c.objc; path = NewEmployeeViewController.m; sourceTree = "<group>"; };
		F88C35411493CE61005A2FBD /* NewEmployeeViewController.xib */ = {isa = PBXFileReference; fileEncoding = 4; lastKnownFileType = file.xib; path = NewEmployeeViewController.xib; sourceTree = "<group>"; };
		F88C35451493E46D005A2FBD /* CompanyDirectoryAPIClient.h */ = {isa = PBXFileReference; fileEncoding = 4; lastKnownFileType = sourcecode.c.h; path = CompanyDirectoryAPIClient.h; sourceTree = "<group>"; };
		F88C35461493E46D005A2FBD /* CompanyDirectoryAPIClient.m */ = {isa = PBXFileReference; fileEncoding = 4; lastKnownFileType = sourcecode.c.objc; path = CompanyDirectoryAPIClient.m; sourceTree = "<group>"; };
		F88C35511493EC71005A2FBD /* ISO8601DateFormatter.h */ = {isa = PBXFileReference; fileEncoding = 4; lastKnownFileType = sourcecode.c.h; path = ISO8601DateFormatter.h; sourceTree = "<group>"; };
		F88C35521493EC71005A2FBD /* ISO8601DateFormatter.m */ = {isa = PBXFileReference; fileEncoding = 4; lastKnownFileType = sourcecode.c.objc; path = ISO8601DateFormatter.m; sourceTree = "<group>"; };
		F8F7623A148D3367004F8DBB /* Company Directory.app */ = {isa = PBXFileReference; explicitFileType = wrapper.application; includeInIndex = 0; path = "Company Directory.app"; sourceTree = BUILT_PRODUCTS_DIR; };
		F8F7623E148D3367004F8DBB /* UIKit.framework */ = {isa = PBXFileReference; lastKnownFileType = wrapper.framework; name = UIKit.framework; path = System/Library/Frameworks/UIKit.framework; sourceTree = SDKROOT; };
		F8F76240148D3367004F8DBB /* Foundation.framework */ = {isa = PBXFileReference; lastKnownFileType = wrapper.framework; name = Foundation.framework; path = System/Library/Frameworks/Foundation.framework; sourceTree = SDKROOT; };
		F8F76242148D3367004F8DBB /* CoreGraphics.framework */ = {isa = PBXFileReference; lastKnownFileType = wrapper.framework; name = CoreGraphics.framework; path = System/Library/Frameworks/CoreGraphics.framework; sourceTree = SDKROOT; };
		F8F76246148D3367004F8DBB /* Company Directory-Info.plist */ = {isa = PBXFileReference; lastKnownFileType = text.plist.xml; path = "Company Directory-Info.plist"; sourceTree = "<group>"; };
		F8F76248148D3367004F8DBB /* en */ = {isa = PBXFileReference; lastKnownFileType = text.plist.strings; name = en; path = en.lproj/InfoPlist.strings; sourceTree = "<group>"; };
		F8F7624A148D3367004F8DBB /* main.m */ = {isa = PBXFileReference; lastKnownFileType = sourcecode.c.objc; path = main.m; sourceTree = "<group>"; };
		F8F7624C148D3367004F8DBB /* Company Directory-Prefix.pch */ = {isa = PBXFileReference; lastKnownFileType = sourcecode.c.h; path = "Company Directory-Prefix.pch"; sourceTree = "<group>"; };
		F8F7624D148D3367004F8DBB /* AppDelegate.h */ = {isa = PBXFileReference; lastKnownFileType = sourcecode.c.h; path = AppDelegate.h; sourceTree = "<group>"; };
		F8F7624E148D3367004F8DBB /* AppDelegate.m */ = {isa = PBXFileReference; lastKnownFileType = sourcecode.c.objc; path = AppDelegate.m; sourceTree = "<group>"; };
		F8F76259148D33AE004F8DBB /* EmployeeListViewController.h */ = {isa = PBXFileReference; fileEncoding = 4; lastKnownFileType = sourcecode.c.h; path = EmployeeListViewController.h; sourceTree = "<group>"; };
		F8F7625A148D33AE004F8DBB /* EmployeeListViewController.m */ = {isa = PBXFileReference; fileEncoding = 4; lastKnownFileType = sourcecode.c.objc; path = EmployeeListViewController.m; sourceTree = "<group>"; };
		F8F7625E148D34C6004F8DBB /* Employee.h */ = {isa = PBXFileReference; fileEncoding = 4; lastKnownFileType = sourcecode.c.h; path = Employee.h; sourceTree = "<group>"; };
		F8F7625F148D34C6004F8DBB /* Employee.m */ = {isa = PBXFileReference; fileEncoding = 4; lastKnownFileType = sourcecode.c.objc; path = Employee.m; sourceTree = "<group>"; };
/* End PBXFileReference section */

/* Begin PBXFrameworksBuildPhase section */
		F8F76237148D3367004F8DBB /* Frameworks */ = {
			isa = PBXFrameworksBuildPhase;
			buildActionMask = 2147483647;
			files = (
				F8F7623F148D3367004F8DBB /* UIKit.framework in Frameworks */,
				F8F76241148D3367004F8DBB /* Foundation.framework in Frameworks */,
				F8F76243148D3367004F8DBB /* CoreGraphics.framework in Frameworks */,
			);
			runOnlyForDeploymentPostprocessing = 0;
		};
/* End PBXFrameworksBuildPhase section */

/* Begin PBXGroup section */
		F88C35181493BEB8005A2FBD /* Vendor */ = {
			isa = PBXGroup;
			children = (
				F88C35501493EC71005A2FBD /* ISO8601DateFormatter */,
				F88C35191493BEB8005A2FBD /* AFNetworking */,
			);
			name = Vendor;
			path = "Company Directory/Vendor";
			sourceTree = "<group>";
		};
		F88C35191493BEB8005A2FBD /* AFNetworking */ = {
			isa = PBXGroup;
			children = (
				F88C351A1493BEB8005A2FBD /* AFHTTPClient.h */,
				F88C351B1493BEB8005A2FBD /* AFHTTPClient.m */,
				F88C351C1493BEB8005A2FBD /* AFHTTPRequestOperation.h */,
				F88C351D1493BEB8005A2FBD /* AFHTTPRequestOperation.m */,
				F88C351E1493BEB8005A2FBD /* AFImageCache.h */,
				F88C351F1493BEB8005A2FBD /* AFImageCache.m */,
				F88C35201493BEB8005A2FBD /* AFImageRequestOperation.h */,
				F88C35211493BEB8005A2FBD /* AFImageRequestOperation.m */,
				F88C35221493BEB8005A2FBD /* AFJSONRequestOperation.h */,
				F88C35231493BEB8005A2FBD /* AFJSONRequestOperation.m */,
				F88C35241493BEB8005A2FBD /* AFJSONUtilities.h */,
				F88C35251493BEB8005A2FBD /* AFNetworkActivityIndicatorManager.h */,
				F88C35261493BEB8005A2FBD /* AFNetworkActivityIndicatorManager.m */,
				F88C35271493BEB8005A2FBD /* AFNetworking.h */,
				F88C35281493BEB8005A2FBD /* AFPropertyListRequestOperation.h */,
				F88C35291493BEB8005A2FBD /* AFPropertyListRequestOperation.m */,
				F88C352A1493BEB8005A2FBD /* AFURLConnectionOperation.h */,
				F88C352B1493BEB8005A2FBD /* AFURLConnectionOperation.m */,
				F88C352C1493BEB8005A2FBD /* AFXMLRequestOperation.h */,
				F88C352D1493BEB8005A2FBD /* AFXMLRequestOperation.m */,
				F88C352E1493BEB8005A2FBD /* UIImageView+AFNetworking.h */,
				F88C352F1493BEB8005A2FBD /* UIImageView+AFNetworking.m */,
			);
			path = AFNetworking;
			sourceTree = "<group>";
		};
		F88C35501493EC71005A2FBD /* ISO8601DateFormatter */ = {
			isa = PBXGroup;
			children = (
				F88C35511493EC71005A2FBD /* ISO8601DateFormatter.h */,
				F88C35521493EC71005A2FBD /* ISO8601DateFormatter.m */,
			);
			path = ISO8601DateFormatter;
			sourceTree = "<group>";
		};
		F8F7622F148D3367004F8DBB = {
			isa = PBXGroup;
			children = (
				F8F76244148D3367004F8DBB /* Company Directory */,
				F8F7623D148D3367004F8DBB /* Frameworks */,
				F8F7623B148D3367004F8DBB /* Products */,
				F88C35181493BEB8005A2FBD /* Vendor */,
			);
			sourceTree = "<group>";
		};
		F8F7623B148D3367004F8DBB /* Products */ = {
			isa = PBXGroup;
			children = (
				F8F7623A148D3367004F8DBB /* Company Directory.app */,
			);
			name = Products;
			sourceTree = "<group>";
		};
		F8F7623D148D3367004F8DBB /* Frameworks */ = {
			isa = PBXGroup;
			children = (
				F8F7623E148D3367004F8DBB /* UIKit.framework */,
				F8F76240148D3367004F8DBB /* Foundation.framework */,
				F8F76242148D3367004F8DBB /* CoreGraphics.framework */,
			);
			name = Frameworks;
			sourceTree = "<group>";
		};
		F8F76244148D3367004F8DBB /* Company Directory */ = {
			isa = PBXGroup;
			children = (
				F8F7624D148D3367004F8DBB /* AppDelegate.h */,
				F8F7624E148D3367004F8DBB /* AppDelegate.m */,
				F8F76255148D338C004F8DBB /* Classes */,
				F8F76245148D3367004F8DBB /* Supporting Files */,
			);
			path = "Company Directory";
			sourceTree = "<group>";
		};
		F8F76245148D3367004F8DBB /* Supporting Files */ = {
			isa = PBXGroup;
			children = (
				F8F76246148D3367004F8DBB /* Company Directory-Info.plist */,
				F8F76247148D3367004F8DBB /* InfoPlist.strings */,
				F8F7624A148D3367004F8DBB /* main.m */,
				F8F7624C148D3367004F8DBB /* Company Directory-Prefix.pch */,
			);
			name = "Supporting Files";
			sourceTree = "<group>";
		};
		F8F76255148D338C004F8DBB /* Classes */ = {
			isa = PBXGroup;
			children = (
				F8F76256148D338C004F8DBB /* Controllers */,
				F8F76257148D338C004F8DBB /* Models */,
				F8F76258148D338C004F8DBB /* Views */,
				F88C35451493E46D005A2FBD /* CompanyDirectoryAPIClient.h */,
				F88C35461493E46D005A2FBD /* CompanyDirectoryAPIClient.m */,
			);
			path = Classes;
			sourceTree = "<group>";
		};
		F8F76256148D338C004F8DBB /* Controllers */ = {
			isa = PBXGroup;
			children = (
				F8F76259148D33AE004F8DBB /* EmployeeListViewController.h */,
				F8F7625A148D33AE004F8DBB /* EmployeeListViewController.m */,
				F886A03914907E400017B3A6 /* EmployeeViewController.h */,
				F886A03A14907E400017B3A6 /* EmployeeViewController.m */,
				F88C353F1493CE61005A2FBD /* NewEmployeeViewController.h */,
				F88C35401493CE61005A2FBD /* NewEmployeeViewController.m */,
				F88C35411493CE61005A2FBD /* NewEmployeeViewController.xib */,
			);
			path = Controllers;
			sourceTree = "<group>";
		};
		F8F76257148D338C004F8DBB /* Models */ = {
			isa = PBXGroup;
			children = (
				F8F7625E148D34C6004F8DBB /* Employee.h */,
				F8F7625F148D34C6004F8DBB /* Employee.m */,
			);
			path = Models;
			sourceTree = "<group>";
		};
		F8F76258148D338C004F8DBB /* Views */ = {
			isa = PBXGroup;
			children = (
			);
			path = Views;
			sourceTree = "<group>";
		};
/* End PBXGroup section */

/* Begin PBXNativeTarget section */
		F8F76239148D3367004F8DBB /* Company Directory */ = {
			isa = PBXNativeTarget;
			buildConfigurationList = F8F76252148D3367004F8DBB /* Build configuration list for PBXNativeTarget "Company Directory" */;
			buildPhases = (
				F8F76236148D3367004F8DBB /* Sources */,
				F8F76237148D3367004F8DBB /* Frameworks */,
				F8F76238148D3367004F8DBB /* Resources */,
			);
			buildRules = (
			);
			dependencies = (
			);
			name = "Company Directory";
			productName = "Company Directory";
			productReference = F8F7623A148D3367004F8DBB /* Company Directory.app */;
			productType = "com.apple.product-type.application";
		};
/* End PBXNativeTarget section */

/* Begin PBXProject section */
		F8F76231148D3367004F8DBB /* Project object */ = {
			isa = PBXProject;
			attributes = {
				LastUpgradeCheck = 0420;
				ORGANIZATIONNAME = Gowalla;
			};
			buildConfigurationList = F8F76234148D3367004F8DBB /* Build configuration list for PBXProject "Company Directory" */;
			compatibilityVersion = "Xcode 3.2";
			developmentRegion = English;
			hasScannedForEncodings = 0;
			knownRegions = (
				en,
			);
			mainGroup = F8F7622F148D3367004F8DBB;
			productRefGroup = F8F7623B148D3367004F8DBB /* Products */;
			projectDirPath = "";
			projectRoot = "";
			targets = (
				F8F76239148D3367004F8DBB /* Company Directory */,
			);
		};
/* End PBXProject section */

/* Begin PBXResourcesBuildPhase section */
		F8F76238148D3367004F8DBB /* Resources */ = {
			isa = PBXResourcesBuildPhase;
			buildActionMask = 2147483647;
			files = (
				F8F76249148D3367004F8DBB /* InfoPlist.strings in Resources */,
				F88C35431493CE61005A2FBD /* NewEmployeeViewController.xib in Resources */,
			);
			runOnlyForDeploymentPostprocessing = 0;
		};
/* End PBXResourcesBuildPhase section */

/* Begin PBXSourcesBuildPhase section */
		F8F76236148D3367004F8DBB /* Sources */ = {
			isa = PBXSourcesBuildPhase;
			buildActionMask = 2147483647;
			files = (
				F8F7624B148D3367004F8DBB /* main.m in Sources */,
				F8F7624F148D3367004F8DBB /* AppDelegate.m in Sources */,
				F8F7625C148D33AE004F8DBB /* EmployeeListViewController.m in Sources */,
				F8F76260148D34C6004F8DBB /* Employee.m in Sources */,
				F886A03B14907E400017B3A6 /* EmployeeViewController.m in Sources */,
				F88C35301493BEB8005A2FBD /* AFHTTPClient.m in Sources */,
				F88C35311493BEB8005A2FBD /* AFHTTPRequestOperation.m in Sources */,
				F88C35321493BEB8005A2FBD /* AFImageCache.m in Sources */,
				F88C35331493BEB8005A2FBD /* AFImageRequestOperation.m in Sources */,
				F88C35341493BEB8005A2FBD /* AFJSONRequestOperation.m in Sources */,
				F88C35351493BEB8005A2FBD /* AFNetworkActivityIndicatorManager.m in Sources */,
				F88C35361493BEB8005A2FBD /* AFPropertyListRequestOperation.m in Sources */,
				F88C35371493BEB8005A2FBD /* AFURLConnectionOperation.m in Sources */,
				F88C35381493BEB8005A2FBD /* AFXMLRequestOperation.m in Sources */,
				F88C35391493BEB8005A2FBD /* UIImageView+AFNetworking.m in Sources */,
				F88C35421493CE61005A2FBD /* NewEmployeeViewController.m in Sources */,
				F88C35471493E46D005A2FBD /* CompanyDirectoryAPIClient.m in Sources */,
				F88C35531493EC71005A2FBD /* ISO8601DateFormatter.m in Sources */,
			);
			runOnlyForDeploymentPostprocessing = 0;
		};
/* End PBXSourcesBuildPhase section */

/* Begin PBXVariantGroup section */
		F8F76247148D3367004F8DBB /* InfoPlist.strings */ = {
			isa = PBXVariantGroup;
			children = (
				F8F76248148D3367004F8DBB /* en */,
			);
			name = InfoPlist.strings;
			sourceTree = "<group>";
		};
/* End PBXVariantGroup section */

/* Begin XCBuildConfiguration section */
		F8F76250148D3367004F8DBB /* Debug */ = {
			isa = XCBuildConfiguration;
			buildSettings = {
				ALWAYS_SEARCH_USER_PATHS = NO;
				ARCHS = "$(ARCHS_STANDARD_32_BIT)";
				"CODE_SIGN_IDENTITY[sdk=iphoneos*]" = "iPhone Developer";
				COPY_PHASE_STRIP = NO;
				GCC_C_LANGUAGE_STANDARD = gnu99;
				GCC_DYNAMIC_NO_PIC = NO;
				GCC_OPTIMIZATION_LEVEL = 0;
				GCC_PREPROCESSOR_DEFINITIONS = (
					"DEBUG=1",
					"$(inherited)",
				);
				GCC_SYMBOLS_PRIVATE_EXTERN = NO;
				GCC_VERSION = com.apple.compilers.llvm.clang.1_0;
				GCC_WARN_ABOUT_MISSING_PROTOTYPES = YES;
				GCC_WARN_ABOUT_RETURN_TYPE = YES;
				GCC_WARN_UNUSED_VARIABLE = YES;
				IPHONEOS_DEPLOYMENT_TARGET = 5.0;
				SDKROOT = iphoneos;
			};
			name = Debug;
		};
		F8F76251148D3367004F8DBB /* Release */ = {
			isa = XCBuildConfiguration;
			buildSettings = {
				ALWAYS_SEARCH_USER_PATHS = NO;
				ARCHS = "$(ARCHS_STANDARD_32_BIT)";
				"CODE_SIGN_IDENTITY[sdk=iphoneos*]" = "iPhone Developer";
				COPY_PHASE_STRIP = YES;
				GCC_C_LANGUAGE_STANDARD = gnu99;
				GCC_VERSION = com.apple.compilers.llvm.clang.1_0;
				GCC_WARN_ABOUT_MISSING_PROTOTYPES = YES;
				GCC_WARN_ABOUT_RETURN_TYPE = YES;
				GCC_WARN_UNUSED_VARIABLE = YES;
				IPHONEOS_DEPLOYMENT_TARGET = 5.0;
				OTHER_CFLAGS = "-DNS_BLOCK_ASSERTIONS=1";
				SDKROOT = iphoneos;
				VALIDATE_PRODUCT = YES;
			};
			name = Release;
		};
		F8F76253148D3367004F8DBB /* Debug */ = {
			isa = XCBuildConfiguration;
			buildSettings = {
				GCC_PRECOMPILE_PREFIX_HEADER = YES;
				GCC_PREFIX_HEADER = "Company Directory/Company Directory-Prefix.pch";
				INFOPLIST_FILE = "Company Directory/Company Directory-Info.plist";
				PRODUCT_NAME = "$(TARGET_NAME)";
				WRAPPER_EXTENSION = app;
			};
			name = Debug;
		};
		F8F76254148D3367004F8DBB /* Release */ = {
			isa = XCBuildConfiguration;
			buildSettings = {
				GCC_PRECOMPILE_PREFIX_HEADER = YES;
				GCC_PREFIX_HEADER = "Company Directory/Company Directory-Prefix.pch";
				INFOPLIST_FILE = "Company Directory/Company Directory-Info.plist";
				PRODUCT_NAME = "$(TARGET_NAME)";
				WRAPPER_EXTENSION = app;
			};
			name = Release;
		};
/* End XCBuildConfiguration section */

/* Begin XCConfigurationList section */
		F8F76234148D3367004F8DBB /* Build configuration list for PBXProject "Company Directory" */ = {
			isa = XCConfigurationList;
			buildConfigurations = (
				F8F76250148D3367004F8DBB /* Debug */,
				F8F76251148D3367004F8DBB /* Release */,
			);
			defaultConfigurationIsVisible = 0;
			defaultConfigurationName = Release;
		};
		F8F76252148D3367004F8DBB /* Build configuration list for PBXNativeTarget "Company Directory" */ = {
			isa = XCConfigurationList;
			buildConfigurations = (
				F8F76253148D3367004F8DBB /* Debug */,
				F8F76254148D3367004F8DBB /* Release */,
			);
			defaultConfigurationIsVisible = 0;
			defaultConfigurationName = Release;
		};
/* End XCConfigurationList section */
	};
	rootObject = F8F76231148D3367004F8DBB /* Project object */;
}
